
Microsoft Visual Studio Solution File, Format Version 12.00
# Visual Studio Version 17
VisualStudioVersion = 17.5.002.0
MinimumVisualStudioVersion = 10.0.40219.1
Project("{9A19103F-16F7-4668-BE54-9A1E7A4F7556}") = "SignalRConsoleApp", "SignalRConsoleApp.csproj", "{3BE9AD98-D220-41DA-8991-BC9651CC68CC}"
EndProject
Global
	GlobalSection(SolutionConfigurationPlatforms) = preSolution
		Debug|Any CPU = Debug|Any CPU
		Release|Any CPU = Release|Any CPU
	EndGlobalSection
	GlobalSection(ProjectConfigurationPlatforms) = postSolution
		{3BE9AD98-D220-41DA-8991-BC9651CC68CC}.Debug|Any CPU.ActiveCfg = Debug|Any CPU
		{3BE9AD98-D220-41DA-8991-BC9651CC68CC}.Debug|Any CPU.Build.0 = Debug|Any CPU
		{3BE9AD98-D220-41DA-8991-BC9651CC68CC}.Release|Any CPU.ActiveCfg = Release|Any CPU
		{3BE9AD98-D220-41DA-8991-BC9651CC68CC}.Release|Any CPU.Build.0 = Release|Any CPU
	EndGlobalSection
	GlobalSection(SolutionProperties) = preSolution
		HideSolutionNode = FALSE
	EndGlobalSection
	GlobalSection(ExtensibilityGlobals) = postSolution
		SolutionGuid = {A27F4FD1-18BF-4704-9D49-C34A2659192E}
	EndGlobalSection
EndGlobal
